<?xml version="1.0" encoding="utf-8"?>
<Project ToolsVersion="4.0" xmlns="http://schemas.microsoft.com/developer/msbuild/2003">
  <ItemGroup>
    <Filter Include="Source Files">
      <UniqueIdentifier>{4FC737F1-C7A5-4376-A066-2A32D752A2FF}</UniqueIdentifier>
      <Extensions>cpp;c;cc;cxx;def;odl;idl;hpj;bat;asm;asmx</Extensions>
    </Filter>
    <Filter Include="Header Files">
      <UniqueIdentifier>{93995380-89BD-4b04-88EB-625FBE52EBFB}</UniqueIdentifier>
      <Extensions>h;hh;hpp;hxx;hm;inl;inc;xsd</Extensions>
    </Filter>
    <Filter Include="Resource Files">
      <UniqueIdentifier>{67DA6AB6-F800-4c08-8B7A-83BB121AAD01}</UniqueIdentifier>
      <Extensions>rc;ico;cur;bmp;dlg;rc2;rct;bin;rgs;gif;jpg;jpeg;jpe;resx;tiff;tif;png;wav;mfcribbon-ms</Extensions>
    </Filter>
  </ItemGroup>
  <ItemGroup>
    <ClCompile Include="main.cpp">
      <Filter>Source Files</Filter>
    </ClCompile>
    <ClCompile Include="ArrayPartitionI.cpp">
      <Filter>Source Files</Filter>
    </ClCompile>
    <ClCompile Include="ReshapetheMatrix.cpp">
      <Filter>Source Files</Filter>
    </ClCompile>
    <ClCompile Include="MaxAreaofIsland.cpp">
      <Filter>Source Files</Filter>
    </ClCompile>
    <ClCompile Include="TeemoAttacking.cpp">
      <Filter>Source Files</Filter>
    </ClCompile>
    <ClCompile Include="MaximumSumof3NonOverlappingSubarrays.cpp">
      <Filter>Source Files</Filter>
    </ClCompile>
    <ClCompile Include="LongestConsecutiveSequence.cpp">
      <Filter>Source Files</Filter>
    </ClCompile>
    <ClCompile Include="MaxChunksToMakeSortedII.cpp">
      <Filter>Source Files</Filter>
    </ClCompile>
    <ClCompile Include="FindMinimuminRotatedSortedArrayII.cpp">
      <Filter>Source Files</Filter>
    </ClCompile>
    <ClCompile Include="CountingBits.cpp">
      <Filter>Source Files</Filter>
    </ClCompile>
    <ClCompile Include="BestTimetoBuyandSellStock.cpp">
      <Filter>Source Files</Filter>
    </ClCompile>
    <ClCompile Include="ValidParentheses.cpp">
      <Filter>Source Files</Filter>
    </ClCompile>
    <ClCompile Include="NumberOfCornerRectangles.cpp">
      <Filter>Source Files</Filter>
    </ClCompile>
  </ItemGroup>
  <ItemGroup>
    <ClInclude Include="ArrayPartitionI.h">
      <Filter>Header Files</Filter>
    </ClInclude>
    <ClInclude Include="ReshapetheMatrix.h">
      <Filter>Header Files</Filter>
    </ClInclude>
    <ClInclude Include="MaxAreaofIsland.h">
      <Filter>Header Files</Filter>
    </ClInclude>
    <ClInclude Include="TeemoAttacking.h">
      <Filter>Header Files</Filter>
    </ClInclude>
    <ClInclude Include="MaximumSumof3NonOverlappingSubarrays.h">
      <Filter>Header Files</Filter>
    </ClInclude>
    <ClInclude Include="LongestConsecutiveSequence.h">
      <Filter>Header Files</Filter>
    </ClInclude>
    <ClInclude Include="MaxChunksToMakeSortedII.h">
      <Filter>Header Files</Filter>
    </ClInclude>
    <ClInclude Include="FindMinimuminRotatedSortedArrayII.h">
      <Filter>Header Files</Filter>
    </ClInclude>
    <ClInclude Include="CountingBits.h">
      <Filter>Header Files</Filter>
    </ClInclude>
    <ClInclude Include="BestTimetoBuyandSellStock.h">
      <Filter>Header Files</Filter>
    </ClInclude>
    <ClInclude Include="ValidParentheses.h">
      <Filter>Header Files</Filter>
    </ClInclude>
    <ClInclude Include="NumberOfCornerRectangles.h">
      <Filter>Header Files</Filter>
    </ClInclude>
  </ItemGroup>
</Project>